
Microsoft Visual Studio Solution File, Format Version 12.00
# Visual Studio 15
VisualStudioVersion = 15.0.26730.15
MinimumVisualStudioVersion = 10.0.40219.1
Project("{FAE04EC0-301F-11D3-BF4B-00C04F79EFBC}") = "Lab08Tom", "Lab08Tom\Lab08Tom.csproj", "{7936E0DC-3BC2-428F-A26A-8358F5B5C93A}"
EndProject
Global
	GlobalSection(SolutionConfigurationPlatforms) = preSolution
		Debug|Any CPU = Debug|Any CPU
		Release|Any CPU = Release|Any CPU
	EndGlobalSection
	GlobalSection(ProjectConfigurationPlatforms) = postSolution
		{7936E0DC-3BC2-428F-A26A-8358F5B5C93A}.Debug|Any CPU.ActiveCfg = Debug|Any CPU
		{7936E0DC-3BC2-428F-A26A-8358F5B5C93A}.Debug|Any CPU.Build.0 = Debug|Any CPU
		{7936E0DC-3BC2-428F-A26A-8358F5B5C93A}.Release|Any CPU.ActiveCfg = Release|Any CPU
		{7936E0DC-3BC2-428F-A26A-8358F5B5C93A}.Release|Any CPU.Build.0 = Release|Any CPU
	EndGlobalSection
	GlobalSection(SolutionProperties) = preSolution
		HideSolutionNode = FALSE
	EndGlobalSection
	GlobalSection(ExtensibilityGlobals) = postSolution
		SolutionGuid = {A78AE104-B464-4749-9590-5AAA6518E846}
	EndGlobalSection
EndGlobal
